
Microsoft Visual Studio Solution File, Format Version 12.00
# Visual Studio Version 16
VisualStudioVersion = 16.0.30223.230
MinimumVisualStudioVersion = 10.0.40219.1
Project("{9A19103F-16F7-4668-BE54-9A1E7A4F7556}") = "AlterEgo.API", "AlterEgo.API\AlterEgo.API.csproj", "{65208FC8-EC5D-4A9E-A852-8392D3644D16}"
EndProject
Project("{9A19103F-16F7-4668-BE54-9A1E7A4F7556}") = "AlterEgo.Core", "AlterEgo.Core\AlterEgo.Core.csproj", "{699C2F39-7344-4B3D-9EE1-691EB9FD561F}"
EndProject
Project("{9A19103F-16F7-4668-BE54-9A1E7A4F7556}") = "AlterEgo.Infrastucture", "AlterEgo.Infrastucture\AlterEgo.Infrastucture.csproj", "{8C797F94-0894-447B-8C60-FE19BA643F0A}"
EndProject
Project("{FAE04EC0-301F-11D3-BF4B-00C04F79EFBC}") = "AlterEgo.Tests", "AlterEgo.Tests\AlterEgo.Tests.csproj", "{50331DAC-056B-434F-9F4A-9BD873D46A67}"
EndProject
Project("{FAE04EC0-301F-11D3-BF4B-00C04F79EFBC}") = "AlterEgo.Tests.EndToEnd", "AlterEgo.Tests.EndToEnd\AlterEgo.Tests.EndToEnd.csproj", "{4C0C410A-8966-44CA-B285-431E0DFFB06D}"
EndProject
Project("{FAE04EC0-301F-11D3-BF4B-00C04F79EFBC}") = "Tester", "Tester\Tester.csproj", "{A42EC099-97ED-457A-9C6D-508222FF10BB}"
EndProject
Global
	GlobalSection(SolutionConfigurationPlatforms) = preSolution
		Debug|Any CPU = Debug|Any CPU
		Release|Any CPU = Release|Any CPU
	EndGlobalSection
	GlobalSection(ProjectConfigurationPlatforms) = postSolution
		{65208FC8-EC5D-4A9E-A852-8392D3644D16}.Debug|Any CPU.ActiveCfg = Debug|Any CPU
		{65208FC8-EC5D-4A9E-A852-8392D3644D16}.Debug|Any CPU.Build.0 = Debug|Any CPU
		{65208FC8-EC5D-4A9E-A852-8392D3644D16}.Release|Any CPU.ActiveCfg = Release|Any CPU
		{65208FC8-EC5D-4A9E-A852-8392D3644D16}.Release|Any CPU.Build.0 = Release|Any CPU
		{699C2F39-7344-4B3D-9EE1-691EB9FD561F}.Debug|Any CPU.ActiveCfg = Debug|Any CPU
		{699C2F39-7344-4B3D-9EE1-691EB9FD561F}.Debug|Any CPU.Build.0 = Debug|Any CPU
		{699C2F39-7344-4B3D-9EE1-691EB9FD561F}.Release|Any CPU.ActiveCfg = Release|Any CPU
		{699C2F39-7344-4B3D-9EE1-691EB9FD561F}.Release|Any CPU.Build.0 = Release|Any CPU
		{8C797F94-0894-447B-8C60-FE19BA643F0A}.Debug|Any CPU.ActiveCfg = Debug|Any CPU
		{8C797F94-0894-447B-8C60-FE19BA643F0A}.Debug|Any CPU.Build.0 = Debug|Any CPU
		{8C797F94-0894-447B-8C60-FE19BA643F0A}.Release|Any CPU.ActiveCfg = Release|Any CPU
		{8C797F94-0894-447B-8C60-FE19BA643F0A}.Release|Any CPU.Build.0 = Release|Any CPU
		{50331DAC-056B-434F-9F4A-9BD873D46A67}.Debug|Any CPU.ActiveCfg = Debug|Any CPU
		{50331DAC-056B-434F-9F4A-9BD873D46A67}.Debug|Any CPU.Build.0 = Debug|Any CPU
		{50331DAC-056B-434F-9F4A-9BD873D46A67}.Release|Any CPU.ActiveCfg = Release|Any CPU
		{50331DAC-056B-434F-9F4A-9BD873D46A67}.Release|Any CPU.Build.0 = Release|Any CPU
		{4C0C410A-8966-44CA-B285-431E0DFFB06D}.Debug|Any CPU.ActiveCfg = Debug|Any CPU
		{4C0C410A-8966-44CA-B285-431E0DFFB06D}.Debug|Any CPU.Build.0 = Debug|Any CPU
		{4C0C410A-8966-44CA-B285-431E0DFFB06D}.Release|Any CPU.ActiveCfg = Release|Any CPU
		{4C0C410A-8966-44CA-B285-431E0DFFB06D}.Release|Any CPU.Build.0 = Release|Any CPU
		{A42EC099-97ED-457A-9C6D-508222FF10BB}.Debug|Any CPU.ActiveCfg = Debug|Any CPU
		{A42EC099-97ED-457A-9C6D-508222FF10BB}.Debug|Any CPU.Build.0 = Debug|Any CPU
		{A42EC099-97ED-457A-9C6D-508222FF10BB}.Release|Any CPU.ActiveCfg = Release|Any CPU
		{A42EC099-97ED-457A-9C6D-508222FF10BB}.Release|Any CPU.Build.0 = Release|Any CPU
	EndGlobalSection
	GlobalSection(SolutionProperties) = preSolution
		HideSolutionNode = FALSE
	EndGlobalSection
	GlobalSection(ExtensibilityGlobals) = postSolution
		SolutionGuid = {25699108-D52A-47B3-AC60-52DA87A29DA5}
	EndGlobalSection
EndGlobal
